<?xml version="1.0" encoding="utf-8"?>
<Project ToolsVersion="4.0" xmlns="http://schemas.microsoft.com/developer/msbuild/2003">
  <ItemGroup>
    <Filter Include="Source Files">
      <UniqueIdentifier>{4FC737F1-C7A5-4376-A066-2A32D752A2FF}</UniqueIdentifier>
      <Extensions>cpp;c;cc;cxx;c++;cppm;ixx;def;odl;idl;hpj;bat;asm;asmx</Extensions>
    </Filter>
    <Filter Include="Header Files">
      <UniqueIdentifier>{93995380-89BD-4b04-88EB-625FBE52EBFB}</UniqueIdentifier>
      <Extensions>h;hh;hpp;hxx;h++;hm;inl;inc;ipp;xsd</Extensions>
    </Filter>
    <Filter Include="Resource Files">
      <UniqueIdentifier>{67DA6AB6-F800-4c08-8B7A-83BB121AAD01}</UniqueIdentifier>
      <Extensions>rc;ico;cur;bmp;dlg;rc2;rct;bin;rgs;gif;jpg;jpeg;jpe;resx;tiff;tif;png;wav;mfcribbon-ms</Extensions>
    </Filter>
    <Filter Include="Source Files\Models">
      <UniqueIdentifier>{c713daae-2c42-4aba-b989-cb4c5812c865}</UniqueIdentifier>
    </Filter>
    <Filter Include="Source Files\Services">
      <UniqueIdentifier>{14d6c4db-60ce-4175-900f-e9f38b079c15}</UniqueIdentifier>
    </Filter>
    <Filter Include="Source Files\Dialogs">
      <UniqueIdentifier>{bd4ff57c-1c55-4a0c-a479-779396a6c73a}</UniqueIdentifier>
    </Filter>
    <Filter Include="Header Files\Dialogs">
      <UniqueIdentifier>{d02cae27-d80e-4ef8-8387-dd6c5762176a}</UniqueIdentifier>
    </Filter>
    <Filter Include="Header Files\Models">
      <UniqueIdentifier>{571e19c5-54fc-4b17-a93b-7afa6b78753e}</UniqueIdentifier>
    </Filter>
    <Filter Include="Header Files\Services">
      <UniqueIdentifier>{a7bf1fb9-abb7-43ac-a410-0f89ac5312de}</UniqueIdentifier>
    </Filter>
    <Filter Include="Header Files\Other">
      <UniqueIdentifier>{ac515d82-04fd-427b-ac05-773bb65755a7}</UniqueIdentifier>
    </Filter>
    <Filter Include="Header Files\Database">
      <UniqueIdentifier>{67300c6d-f938-4ce1-bd34-aadcbff47104}</UniqueIdentifier>
    </Filter>
    <Filter Include="Source Files\Database">
      <UniqueIdentifier>{5c0db0a8-cdea-403d-9f76-f8b000b46f2a}</UniqueIdentifier>
    </Filter>
  </ItemGroup>
  <ItemGroup>
    <ClInclude Include="Main.h">
      <Filter>Header Files</Filter>
    </ClInclude>
    <ClInclude Include="Resource.h">
      <Filter>Header Files</Filter>
    </ClInclude>
    <ClInclude Include="pch.h">
      <Filter>Header Files</Filter>
    </ClInclude>
    <ClInclude Include="CLoginDlg.h">
      <Filter>Header Files\Dialogs</Filter>
    </ClInclude>
    <ClInclude Include="ApiService.h">
      <Filter>Header Files\Services</Filter>
    </ClInclude>
    <ClInclude Include="ChangeFormat.h">
      <Filter>Header Files\Services</Filter>
    </ClInclude>
    <ClInclude Include="targetver.h">
      <Filter>Header Files\Other</Filter>
    </ClInclude>
    <ClInclude Include="framework.h">
      <Filter>Header Files\Other</Filter>
    </ClInclude>
    <ClInclude Include="User.h">
      <Filter>Header Files\Models</Filter>
    </ClInclude>
    <ClInclude Include="CSignupDlg.h">
      <Filter>Header Files\Dialogs</Filter>
    </ClInclude>
    <ClInclude Include="CHomeChatDlg.h">
      <Filter>Header Files\Dialogs</Filter>
    </ClInclude>
    <ClInclude Include="Friend.h">
      <Filter>Header Files\Models</Filter>
    </ClInclude>
    <ClInclude Include="PaintService.h">
      <Filter>Header Files\Services</Filter>
    </ClInclude>
    <ClInclude Include="FileService.h">
      <Filter>Header Files\Services</Filter>
    </ClInclude>
    <ClInclude Include="CChatFriendDlg.h">
      <Filter>Header Files\Dialogs</Filter>
    </ClInclude>
    <ClInclude Include="Message.h">
      <Filter>Header Files\Models</Filter>
    </ClInclude>
    <ClInclude Include="sqlite3.h">
      <Filter>Header Files\Database</Filter>
    </ClInclude>
    <ClInclude Include="DatabaseService.h">
      <Filter>Header Files\Database</Filter>
    </ClInclude>
    <ClInclude Include="CFriendDlg.h">
      <Filter>Header Files\Dialogs</Filter>
    </ClInclude>
    <ClInclude Include="Nickname.h">
      <Filter>Header Files\Models</Filter>
    </ClInclude>
  </ItemGroup>
  <ItemGroup>
    <ClCompile Include="Main.cpp">
      <Filter>Source Files</Filter>
    </ClCompile>
    <ClCompile Include="pch.cpp">
      <Filter>Source Files</Filter>
    </ClCompile>
    <ClCompile Include="CLoginDlg.cpp">
      <Filter>Source Files\Dialogs</Filter>
    </ClCompile>
    <ClCompile Include="ApiService.cpp">
      <Filter>Source Files\Services</Filter>
    </ClCompile>
    <ClCompile Include="ChangeFormat.cpp">
      <Filter>Source Files\Services</Filter>
    </ClCompile>
    <ClCompile Include="User.cpp">
      <Filter>Source Files\Models</Filter>
    </ClCompile>
    <ClCompile Include="CSignupDlg.cpp">
      <Filter>Source Files\Dialogs</Filter>
    </ClCompile>
    <ClCompile Include="CHomeChatDlg.cpp">
      <Filter>Source Files\Dialogs</Filter>
    </ClCompile>
    <ClCompile Include="Friend.cpp">
      <Filter>Source Files\Models</Filter>
    </ClCompile>
    <ClCompile Include="PaintService.cpp">
      <Filter>Source Files\Services</Filter>
    </ClCompile>
    <ClCompile Include="FileService.cpp">
      <Filter>Source Files\Services</Filter>
    </ClCompile>
    <ClCompile Include="CChatFriendDlg.cpp">
      <Filter>Source Files\Dialogs</Filter>
    </ClCompile>
    <ClCompile Include="sqlite3.c">
      <Filter>Source Files\Database</Filter>
    </ClCompile>
    <ClCompile Include="DatabaseService.cpp">
      <Filter>Source Files\Database</Filter>
    </ClCompile>
    <ClCompile Include="Message.cpp">
      <Filter>Source Files\Models</Filter>
    </ClCompile>
    <ClCompile Include="CFriendDlg.cpp">
      <Filter>Source Files\Dialogs</Filter>
    </ClCompile>
  </ItemGroup>
  <ItemGroup>
    <ResourceCompile Include="Main.rc">
      <Filter>Resource Files</Filter>
    </ResourceCompile>
  </ItemGroup>
  <ItemGroup>
    <None Include="res\Main.rc2">
      <Filter>Resource Files</Filter>
    </None>
  </ItemGroup>
  <ItemGroup>
    <Image Include="res\Main.ico">
      <Filter>Resource Files</Filter>
    </Image>
  </ItemGroup>
</Project>